
Microsoft Visual Studio Solution File, Format Version 12.00
# Visual Studio Version 17
VisualStudioVersion = 17.7.34031.279
MinimumVisualStudioVersion = 10.0.40219.1
Project("{FAE04EC0-301F-11D3-BF4B-00C04F79EFBC}") = "SocketServer", "SocketServer\SocketServer.csproj", "{5B90217D-054F-471C-9757-AB88D1735C76}"
EndProject
Global
	GlobalSection(SolutionConfigurationPlatforms) = preSolution
		Debug|Any CPU = Debug|Any CPU
		Release|Any CPU = Release|Any CPU
	EndGlobalSection
	GlobalSection(ProjectConfigurationPlatforms) = postSolution
		{5B90217D-054F-471C-9757-AB88D1735C76}.Debug|Any CPU.ActiveCfg = Debug|Any CPU
		{5B90217D-054F-471C-9757-AB88D1735C76}.Debug|Any CPU.Build.0 = Debug|Any CPU
		{5B90217D-054F-471C-9757-AB88D1735C76}.Release|Any CPU.ActiveCfg = Release|Any CPU
		{5B90217D-054F-471C-9757-AB88D1735C76}.Release|Any CPU.Build.0 = Release|Any CPU
	EndGlobalSection
	GlobalSection(SolutionProperties) = preSolution
		HideSolutionNode = FALSE
	EndGlobalSection
	GlobalSection(ExtensibilityGlobals) = postSolution
		SolutionGuid = {36EDD3F7-D1A3-44CA-B03D-0C16D88C37C2}
	EndGlobalSection
EndGlobal
